
Microsoft Visual Studio Solution File, Format Version 12.00
# Visual Studio Version 17
VisualStudioVersion = 17.14.36518.9 d17.14
MinimumVisualStudioVersion = 10.0.40219.1
Project("{FAE04EC0-301F-11D3-BF4B-00C04F79EFBC}") = "Calculator", "Calculator\Calculator.csproj", "{7EE6042B-219F-4B5C-8DDE-67884502C71B}"
EndProject
Global
	GlobalSection(SolutionConfigurationPlatforms) = preSolution
		Debug|Any CPU = Debug|Any CPU
		Release|Any CPU = Release|Any CPU
	EndGlobalSection
	GlobalSection(ProjectConfigurationPlatforms) = postSolution
		{7EE6042B-219F-4B5C-8DDE-67884502C71B}.Debug|Any CPU.ActiveCfg = Debug|Any CPU
		{7EE6042B-219F-4B5C-8DDE-67884502C71B}.Debug|Any CPU.Build.0 = Debug|Any CPU
		{7EE6042B-219F-4B5C-8DDE-67884502C71B}.Release|Any CPU.ActiveCfg = Release|Any CPU
		{7EE6042B-219F-4B5C-8DDE-67884502C71B}.Release|Any CPU.Build.0 = Release|Any CPU
	EndGlobalSection
	GlobalSection(SolutionProperties) = preSolution
		HideSolutionNode = FALSE
	EndGlobalSection
	GlobalSection(ExtensibilityGlobals) = postSolution
		SolutionGuid = {C59DD4E9-828E-4072-AC88-A3399CD64877}
	EndGlobalSection
EndGlobal
