
Microsoft Visual Studio Solution File, Format Version 12.00
# Visual Studio Version 17
VisualStudioVersion = 17.14.36518.9 d17.14
MinimumVisualStudioVersion = 10.0.40219.1
Project("{FAE04EC0-301F-11D3-BF4B-00C04F79EFBC}") = "HomeWork", "HomeWork\HomeWork.csproj", "{58AA1F5A-10CE-4C8B-9C2F-BB5487DC3613}"
EndProject
Global
	GlobalSection(SolutionConfigurationPlatforms) = preSolution
		Debug|Any CPU = Debug|Any CPU
		Release|Any CPU = Release|Any CPU
	EndGlobalSection
	GlobalSection(ProjectConfigurationPlatforms) = postSolution
		{58AA1F5A-10CE-4C8B-9C2F-BB5487DC3613}.Debug|Any CPU.ActiveCfg = Debug|Any CPU
		{58AA1F5A-10CE-4C8B-9C2F-BB5487DC3613}.Debug|Any CPU.Build.0 = Debug|Any CPU
		{58AA1F5A-10CE-4C8B-9C2F-BB5487DC3613}.Release|Any CPU.ActiveCfg = Release|Any CPU
		{58AA1F5A-10CE-4C8B-9C2F-BB5487DC3613}.Release|Any CPU.Build.0 = Release|Any CPU
	EndGlobalSection
	GlobalSection(SolutionProperties) = preSolution
		HideSolutionNode = FALSE
	EndGlobalSection
	GlobalSection(ExtensibilityGlobals) = postSolution
		SolutionGuid = {F66BD693-4D42-427C-9069-CCE75B6547F3}
	EndGlobalSection
EndGlobal
